
Microsoft Visual Studio Solution File, Format Version 12.00
# Visual Studio Version 16
VisualStudioVersion = 16.0.30804.86
MinimumVisualStudioVersion = 10.0.40219.1
Project("{9A19103F-16F7-4668-BE54-9A1E7A4F7556}") = "KampIntro", "KampIntro\KampIntro.csproj", "{13FC3288-1D4F-4178-A999-AB80B3DD21E3}"
EndProject
Project("{9A19103F-16F7-4668-BE54-9A1E7A4F7556}") = "Donguler", "Donguler\Donguler.csproj", "{3993E350-D3B9-4D24-8AB2-D9622AABEE84}"
EndProject
Project("{9A19103F-16F7-4668-BE54-9A1E7A4F7556}") = "ClassIntro", "ClassIntro\ClassIntro.csproj", "{1C1E5287-8E27-4620-9842-1BA5DE506965}"
EndProject
Project("{FAE04EC0-301F-11D3-BF4B-00C04F79EFBC}") = "Metodlar", "Metodlar\Metodlar.csproj", "{EA121CBB-6A32-4B5B-AF62-CB38672F1A5E}"
EndProject
Project("{FAE04EC0-301F-11D3-BF4B-00C04F79EFBC}") = "DegerVeReferansTipler", "DegerVeReferansTipler\DegerVeReferansTipler.csproj", "{B8B9B274-C668-4BBA-9975-497292DFAAD9}"
EndProject
Global
	GlobalSection(SolutionConfigurationPlatforms) = preSolution
		Debug|Any CPU = Debug|Any CPU
		Release|Any CPU = Release|Any CPU
	EndGlobalSection
	GlobalSection(ProjectConfigurationPlatforms) = postSolution
		{13FC3288-1D4F-4178-A999-AB80B3DD21E3}.Debug|Any CPU.ActiveCfg = Debug|Any CPU
		{13FC3288-1D4F-4178-A999-AB80B3DD21E3}.Debug|Any CPU.Build.0 = Debug|Any CPU
		{13FC3288-1D4F-4178-A999-AB80B3DD21E3}.Release|Any CPU.ActiveCfg = Release|Any CPU
		{13FC3288-1D4F-4178-A999-AB80B3DD21E3}.Release|Any CPU.Build.0 = Release|Any CPU
		{3993E350-D3B9-4D24-8AB2-D9622AABEE84}.Debug|Any CPU.ActiveCfg = Debug|Any CPU
		{3993E350-D3B9-4D24-8AB2-D9622AABEE84}.Debug|Any CPU.Build.0 = Debug|Any CPU
		{3993E350-D3B9-4D24-8AB2-D9622AABEE84}.Release|Any CPU.ActiveCfg = Release|Any CPU
		{3993E350-D3B9-4D24-8AB2-D9622AABEE84}.Release|Any CPU.Build.0 = Release|Any CPU
		{1C1E5287-8E27-4620-9842-1BA5DE506965}.Debug|Any CPU.ActiveCfg = Debug|Any CPU
		{1C1E5287-8E27-4620-9842-1BA5DE506965}.Debug|Any CPU.Build.0 = Debug|Any CPU
		{1C1E5287-8E27-4620-9842-1BA5DE506965}.Release|Any CPU.ActiveCfg = Release|Any CPU
		{1C1E5287-8E27-4620-9842-1BA5DE506965}.Release|Any CPU.Build.0 = Release|Any CPU
		{EA121CBB-6A32-4B5B-AF62-CB38672F1A5E}.Debug|Any CPU.ActiveCfg = Debug|Any CPU
		{EA121CBB-6A32-4B5B-AF62-CB38672F1A5E}.Debug|Any CPU.Build.0 = Debug|Any CPU
		{EA121CBB-6A32-4B5B-AF62-CB38672F1A5E}.Release|Any CPU.ActiveCfg = Release|Any CPU
		{EA121CBB-6A32-4B5B-AF62-CB38672F1A5E}.Release|Any CPU.Build.0 = Release|Any CPU
		{B8B9B274-C668-4BBA-9975-497292DFAAD9}.Debug|Any CPU.ActiveCfg = Debug|Any CPU
		{B8B9B274-C668-4BBA-9975-497292DFAAD9}.Debug|Any CPU.Build.0 = Debug|Any CPU
		{B8B9B274-C668-4BBA-9975-497292DFAAD9}.Release|Any CPU.ActiveCfg = Release|Any CPU
		{B8B9B274-C668-4BBA-9975-497292DFAAD9}.Release|Any CPU.Build.0 = Release|Any CPU
	EndGlobalSection
	GlobalSection(SolutionProperties) = preSolution
		HideSolutionNode = FALSE
	EndGlobalSection
	GlobalSection(ExtensibilityGlobals) = postSolution
		SolutionGuid = {A6700361-5FC5-4FC8-B2B2-A10A1C9F4431}
	EndGlobalSection
EndGlobal
